
Microsoft Visual Studio Solution File, Format Version 12.00
# Visual Studio Version 16
VisualStudioVersion = 16.0.30907.101
MinimumVisualStudioVersion = 10.0.40219.1
Project("{FAE04EC0-301F-11D3-BF4B-00C04F79EFBC}") = "BettingGame", "BettingGame\BettingGame.csproj", "{9DAEFA8F-CBE2-4829-AD0A-1C8752A307FE}"
EndProject
Global
	GlobalSection(SolutionConfigurationPlatforms) = preSolution
		Debug|Any CPU = Debug|Any CPU
		Release|Any CPU = Release|Any CPU
	EndGlobalSection
	GlobalSection(ProjectConfigurationPlatforms) = postSolution
		{9DAEFA8F-CBE2-4829-AD0A-1C8752A307FE}.Debug|Any CPU.ActiveCfg = Debug|Any CPU
		{9DAEFA8F-CBE2-4829-AD0A-1C8752A307FE}.Debug|Any CPU.Build.0 = Debug|Any CPU
		{9DAEFA8F-CBE2-4829-AD0A-1C8752A307FE}.Release|Any CPU.ActiveCfg = Release|Any CPU
		{9DAEFA8F-CBE2-4829-AD0A-1C8752A307FE}.Release|Any CPU.Build.0 = Release|Any CPU
	EndGlobalSection
	GlobalSection(SolutionProperties) = preSolution
		HideSolutionNode = FALSE
	EndGlobalSection
	GlobalSection(ExtensibilityGlobals) = postSolution
		SolutionGuid = {E22585C6-F362-4245-AF93-D97FA72C6F6D}
	EndGlobalSection
EndGlobal
